
Microsoft Visual Studio Solution File, Format Version 12.00
# Visual Studio 15
VisualStudioVersion = 15.0.28307.1525
MinimumVisualStudioVersion = 10.0.40219.1
Project("{FAE04EC0-301F-11D3-BF4B-00C04F79EFBC}") = "WpfApp10_1", "WpfApp10_1\WpfApp10_1.csproj", "{1C33BA4F-8B26-43EF-B6C5-D6EAD4187782}"
EndProject
Global
	GlobalSection(SolutionConfigurationPlatforms) = preSolution
		Debug|Any CPU = Debug|Any CPU
		Release|Any CPU = Release|Any CPU
	EndGlobalSection
	GlobalSection(ProjectConfigurationPlatforms) = postSolution
		{1C33BA4F-8B26-43EF-B6C5-D6EAD4187782}.Debug|Any CPU.ActiveCfg = Debug|Any CPU
		{1C33BA4F-8B26-43EF-B6C5-D6EAD4187782}.Debug|Any CPU.Build.0 = Debug|Any CPU
		{1C33BA4F-8B26-43EF-B6C5-D6EAD4187782}.Release|Any CPU.ActiveCfg = Release|Any CPU
		{1C33BA4F-8B26-43EF-B6C5-D6EAD4187782}.Release|Any CPU.Build.0 = Release|Any CPU
	EndGlobalSection
	GlobalSection(SolutionProperties) = preSolution
		HideSolutionNode = FALSE
	EndGlobalSection
	GlobalSection(ExtensibilityGlobals) = postSolution
		SolutionGuid = {0EA554A6-5672-4BF5-9EF1-65140D4AB0D9}
	EndGlobalSection
EndGlobal
